
Microsoft Visual Studio Solution File, Format Version 12.00
# Visual Studio Version 16
VisualStudioVersion = 16.0.29306.81
MinimumVisualStudioVersion = 10.0.40219.1
Project("{FAE04EC0-301F-11D3-BF4B-00C04F79EFBC}") = "manager.UWP", "manager\manager.UWP\manager.UWP.csproj", "{A2B303B8-AC5B-4079-9507-CC9FCAFB4729}"
EndProject
Project("{FAE04EC0-301F-11D3-BF4B-00C04F79EFBC}") = "manager.Android", "manager\manager.Android\manager.Android.csproj", "{F27CED63-6E60-4FD0-B450-B9B3E18FEA52}"
EndProject
Project("{FAE04EC0-301F-11D3-BF4B-00C04F79EFBC}") = "manager.iOS", "manager\manager.iOS\manager.iOS.csproj", "{07173589-8CDB-4056-95CA-E3F0655694AF}"
EndProject
Project("{FAE04EC0-301F-11D3-BF4B-00C04F79EFBC}") = "manager", "manager\manager\manager.csproj", "{EED48A01-6D9E-44CC-BAB4-BE5DDD8CF233}"
EndProject
Global
	GlobalSection(SolutionConfigurationPlatforms) = preSolution
		Debug|Any CPU = Debug|Any CPU
		Debug|ARM = Debug|ARM
		Debug|iPhone = Debug|iPhone
		Debug|iPhoneSimulator = Debug|iPhoneSimulator
		Debug|x64 = Debug|x64
		Debug|x86 = Debug|x86
		Release|Any CPU = Release|Any CPU
		Release|ARM = Release|ARM
		Release|iPhone = Release|iPhone
		Release|iPhoneSimulator = Release|iPhoneSimulator
		Release|x64 = Release|x64
		Release|x86 = Release|x86
	EndGlobalSection
	GlobalSection(ProjectConfigurationPlatforms) = postSolution
		{A2B303B8-AC5B-4079-9507-CC9FCAFB4729}.Debug|Any CPU.ActiveCfg = Debug|x86
		{A2B303B8-AC5B-4079-9507-CC9FCAFB4729}.Debug|Any CPU.Build.0 = Debug|x86
		{A2B303B8-AC5B-4079-9507-CC9FCAFB4729}.Debug|Any CPU.Deploy.0 = Debug|x86
		{A2B303B8-AC5B-4079-9507-CC9FCAFB4729}.Debug|ARM.ActiveCfg = Debug|ARM
		{A2B303B8-AC5B-4079-9507-CC9FCAFB4729}.Debug|ARM.Build.0 = Debug|ARM
		{A2B303B8-AC5B-4079-9507-CC9FCAFB4729}.Debug|ARM.Deploy.0 = Debug|ARM
		{A2B303B8-AC5B-4079-9507-CC9FCAFB4729}.Debug|iPhone.ActiveCfg = Debug|x86
		{A2B303B8-AC5B-4079-9507-CC9FCAFB4729}.Debug|iPhone.Build.0 = Debug|x86
		{A2B303B8-AC5B-4079-9507-CC9FCAFB4729}.Debug|iPhone.Deploy.0 = Debug|x86
		{A2B303B8-AC5B-4079-9507-CC9FCAFB4729}.Debug|iPhoneSimulator.ActiveCfg = Debug|x86
		{A2B303B8-AC5B-4079-9507-CC9FCAFB4729}.Debug|iPhoneSimulator.Build.0 = Debug|x86
		{A2B303B8-AC5B-4079-9507-CC9FCAFB4729}.Debug|iPhoneSimulator.Deploy.0 = Debug|x86
		{A2B303B8-AC5B-4079-9507-CC9FCAFB4729}.Debug|x64.ActiveCfg = Debug|x64
		{A2B303B8-AC5B-4079-9507-CC9FCAFB4729}.Debug|x64.Build.0 = Debug|x64
		{A2B303B8-AC5B-4079-9507-CC9FCAFB4729}.Debug|x64.Deploy.0 = Debug|x64
		{A2B303B8-AC5B-4079-9507-CC9FCAFB4729}.Debug|x86.ActiveCfg = Debug|x86
		{A2B303B8-AC5B-4079-9507-CC9FCAFB4729}.Debug|x86.Build.0 = Debug|x86
		{A2B303B8-AC5B-4079-9507-CC9FCAFB4729}.Debug|x86.Deploy.0 = Debug|x86
		{A2B303B8-AC5B-4079-9507-CC9FCAFB4729}.Release|Any CPU.ActiveCfg = Release|x86
		{A2B303B8-AC5B-4079-9507-CC9FCAFB4729}.Release|Any CPU.Build.0 = Release|x86
		{A2B303B8-AC5B-4079-9507-CC9FCAFB4729}.Release|Any CPU.Deploy.0 = Release|x86
		{A2B303B8-AC5B-4079-9507-CC9FCAFB4729}.Release|ARM.ActiveCfg = Release|ARM
		{A2B303B8-AC5B-4079-9507-CC9FCAFB4729}.Release|ARM.Build.0 = Release|ARM
		{A2B303B8-AC5B-4079-9507-CC9FCAFB4729}.Release|ARM.Deploy.0 = Release|ARM
		{A2B303B8-AC5B-4079-9507-CC9FCAFB4729}.Release|iPhone.ActiveCfg = Release|x86
		{A2B303B8-AC5B-4079-9507-CC9FCAFB4729}.Release|iPhone.Build.0 = Release|x86
		{A2B303B8-AC5B-4079-9507-CC9FCAFB4729}.Release|iPhone.Deploy.0 = Release|x86
		{A2B303B8-AC5B-4079-9507-CC9FCAFB4729}.Release|iPhoneSimulator.ActiveCfg = Release|x86
		{A2B303B8-AC5B-4079-9507-CC9FCAFB4729}.Release|iPhoneSimulator.Build.0 = Release|x86
		{A2B303B8-AC5B-4079-9507-CC9FCAFB4729}.Release|iPhoneSimulator.Deploy.0 = Release|x86
		{A2B303B8-AC5B-4079-9507-CC9FCAFB4729}.Release|x64.ActiveCfg = Release|x64
		{A2B303B8-AC5B-4079-9507-CC9FCAFB4729}.Release|x64.Build.0 = Release|x64
		{A2B303B8-AC5B-4079-9507-CC9FCAFB4729}.Release|x64.Deploy.0 = Release|x64
		{A2B303B8-AC5B-4079-9507-CC9FCAFB4729}.Release|x86.ActiveCfg = Release|x86
		{A2B303B8-AC5B-4079-9507-CC9FCAFB4729}.Release|x86.Build.0 = Release|x86
		{A2B303B8-AC5B-4079-9507-CC9FCAFB4729}.Release|x86.Deploy.0 = Release|x86
		{F27CED63-6E60-4FD0-B450-B9B3E18FEA52}.Debug|Any CPU.ActiveCfg = Debug|Any CPU
		{F27CED63-6E60-4FD0-B450-B9B3E18FEA52}.Debug|Any CPU.Build.0 = Debug|Any CPU
		{F27CED63-6E60-4FD0-B450-B9B3E18FEA52}.Debug|Any CPU.Deploy.0 = Debug|Any CPU
		{F27CED63-6E60-4FD0-B450-B9B3E18FEA52}.Debug|ARM.ActiveCfg = Debug|Any CPU
		{F27CED63-6E60-4FD0-B450-B9B3E18FEA52}.Debug|ARM.Build.0 = Debug|Any CPU
		{F27CED63-6E60-4FD0-B450-B9B3E18FEA52}.Debug|ARM.Deploy.0 = Debug|Any CPU
		{F27CED63-6E60-4FD0-B450-B9B3E18FEA52}.Debug|iPhone.ActiveCfg = Debug|Any CPU
		{F27CED63-6E60-4FD0-B450-B9B3E18FEA52}.Debug|iPhone.Build.0 = Debug|Any CPU
		{F27CED63-6E60-4FD0-B450-B9B3E18FEA52}.Debug|iPhone.Deploy.0 = Debug|Any CPU
		{F27CED63-6E60-4FD0-B450-B9B3E18FEA52}.Debug|iPhoneSimulator.ActiveCfg = Debug|Any CPU
		{F27CED63-6E60-4FD0-B450-B9B3E18FEA52}.Debug|iPhoneSimulator.Build.0 = Debug|Any CPU
		{F27CED63-6E60-4FD0-B450-B9B3E18FEA52}.Debug|iPhoneSimulator.Deploy.0 = Debug|Any CPU
		{F27CED63-6E60-4FD0-B450-B9B3E18FEA52}.Debug|x64.ActiveCfg = Debug|Any CPU
		{F27CED63-6E60-4FD0-B450-B9B3E18FEA52}.Debug|x64.Build.0 = Debug|Any CPU
		{F27CED63-6E60-4FD0-B450-B9B3E18FEA52}.Debug|x64.Deploy.0 = Debug|Any CPU
		{F27CED63-6E60-4FD0-B450-B9B3E18FEA52}.Debug|x86.ActiveCfg = Debug|Any CPU
		{F27CED63-6E60-4FD0-B450-B9B3E18FEA52}.Debug|x86.Build.0 = Debug|Any CPU
		{F27CED63-6E60-4FD0-B450-B9B3E18FEA52}.Debug|x86.Deploy.0 = Debug|Any CPU
		{F27CED63-6E60-4FD0-B450-B9B3E18FEA52}.Release|Any CPU.ActiveCfg = Release|Any CPU
		{F27CED63-6E60-4FD0-B450-B9B3E18FEA52}.Release|Any CPU.Build.0 = Release|Any CPU
		{F27CED63-6E60-4FD0-B450-B9B3E18FEA52}.Release|Any CPU.Deploy.0 = Release|Any CPU
		{F27CED63-6E60-4FD0-B450-B9B3E18FEA52}.Release|ARM.ActiveCfg = Release|Any CPU
		{F27CED63-6E60-4FD0-B450-B9B3E18FEA52}.Release|ARM.Build.0 = Release|Any CPU
		{F27CED63-6E60-4FD0-B450-B9B3E18FEA52}.Release|ARM.Deploy.0 = Release|Any CPU
		{F27CED63-6E60-4FD0-B450-B9B3E18FEA52}.Release|iPhone.ActiveCfg = Release|Any CPU
		{F27CED63-6E60-4FD0-B450-B9B3E18FEA52}.Release|iPhone.Build.0 = Release|Any CPU
		{F27CED63-6E60-4FD0-B450-B9B3E18FEA52}.Release|iPhone.Deploy.0 = Release|Any CPU
		{F27CED63-6E60-4FD0-B450-B9B3E18FEA52}.Release|iPhoneSimulator.ActiveCfg = Release|Any CPU
		{F27CED63-6E60-4FD0-B450-B9B3E18FEA52}.Release|iPhoneSimulator.Build.0 = Release|Any CPU
		{F27CED63-6E60-4FD0-B450-B9B3E18FEA52}.Release|iPhoneSimulator.Deploy.0 = Release|Any CPU
		{F27CED63-6E60-4FD0-B450-B9B3E18FEA52}.Release|x64.ActiveCfg = Release|Any CPU
		{F27CED63-6E60-4FD0-B450-B9B3E18FEA52}.Release|x64.Build.0 = Release|Any CPU
		{F27CED63-6E60-4FD0-B450-B9B3E18FEA52}.Release|x64.Deploy.0 = Release|Any CPU
		{F27CED63-6E60-4FD0-B450-B9B3E18FEA52}.Release|x86.ActiveCfg = Release|Any CPU
		{F27CED63-6E60-4FD0-B450-B9B3E18FEA52}.Release|x86.Build.0 = Release|Any CPU
		{F27CED63-6E60-4FD0-B450-B9B3E18FEA52}.Release|x86.Deploy.0 = Release|Any CPU
		{07173589-8CDB-4056-95CA-E3F0655694AF}.Debug|Any CPU.ActiveCfg = Debug|iPhone
		{07173589-8CDB-4056-95CA-E3F0655694AF}.Debug|Any CPU.Build.0 = Debug|iPhone
		{07173589-8CDB-4056-95CA-E3F0655694AF}.Debug|Any CPU.Deploy.0 = Debug|iPhone
		{07173589-8CDB-4056-95CA-E3F0655694AF}.Debug|ARM.ActiveCfg = Debug|iPhoneSimulator
		{07173589-8CDB-4056-95CA-E3F0655694AF}.Debug|ARM.Build.0 = Debug|iPhoneSimulator
		{07173589-8CDB-4056-95CA-E3F0655694AF}.Debug|ARM.Deploy.0 = Debug|iPhoneSimulator
		{07173589-8CDB-4056-95CA-E3F0655694AF}.Debug|iPhone.ActiveCfg = Debug|iPhone
		{07173589-8CDB-4056-95CA-E3F0655694AF}.Debug|iPhone.Build.0 = Debug|iPhone
		{07173589-8CDB-4056-95CA-E3F0655694AF}.Debug|iPhone.Deploy.0 = Debug|iPhone
		{07173589-8CDB-4056-95CA-E3F0655694AF}.Debug|iPhoneSimulator.ActiveCfg = Debug|iPhoneSimulator
		{07173589-8CDB-4056-95CA-E3F0655694AF}.Debug|iPhoneSimulator.Build.0 = Debug|iPhoneSimulator
		{07173589-8CDB-4056-95CA-E3F0655694AF}.Debug|iPhoneSimulator.Deploy.0 = Debug|iPhoneSimulator
		{07173589-8CDB-4056-95CA-E3F0655694AF}.Debug|x64.ActiveCfg = Debug|iPhone
		{07173589-8CDB-4056-95CA-E3F0655694AF}.Debug|x64.Build.0 = Debug|iPhone
		{07173589-8CDB-4056-95CA-E3F0655694AF}.Debug|x64.Deploy.0 = Debug|iPhone
		{07173589-8CDB-4056-95CA-E3F0655694AF}.Debug|x86.ActiveCfg = Debug|iPhone
		{07173589-8CDB-4056-95CA-E3F0655694AF}.Debug|x86.Build.0 = Debug|iPhone
		{07173589-8CDB-4056-95CA-E3F0655694AF}.Debug|x86.Deploy.0 = Debug|iPhone
		{07173589-8CDB-4056-95CA-E3F0655694AF}.Release|Any CPU.ActiveCfg = Release|iPhone
		{07173589-8CDB-4056-95CA-E3F0655694AF}.Release|Any CPU.Build.0 = Release|iPhone
		{07173589-8CDB-4056-95CA-E3F0655694AF}.Release|Any CPU.Deploy.0 = Release|iPhone
		{07173589-8CDB-4056-95CA-E3F0655694AF}.Release|ARM.ActiveCfg = Release|iPhone
		{07173589-8CDB-4056-95CA-E3F0655694AF}.Release|ARM.Build.0 = Release|iPhone
		{07173589-8CDB-4056-95CA-E3F0655694AF}.Release|ARM.Deploy.0 = Release|iPhone
		{07173589-8CDB-4056-95CA-E3F0655694AF}.Release|iPhone.ActiveCfg = Release|iPhone
		{07173589-8CDB-4056-95CA-E3F0655694AF}.Release|iPhone.Build.0 = Release|iPhone
		{07173589-8CDB-4056-95CA-E3F0655694AF}.Release|iPhone.Deploy.0 = Release|iPhone
		{07173589-8CDB-4056-95CA-E3F0655694AF}.Release|iPhoneSimulator.ActiveCfg = Release|iPhoneSimulator
		{07173589-8CDB-4056-95CA-E3F0655694AF}.Release|iPhoneSimulator.Build.0 = Release|iPhoneSimulator
		{07173589-8CDB-4056-95CA-E3F0655694AF}.Release|iPhoneSimulator.Deploy.0 = Release|iPhoneSimulator
		{07173589-8CDB-4056-95CA-E3F0655694AF}.Release|x64.ActiveCfg = Release|iPhone
		{07173589-8CDB-4056-95CA-E3F0655694AF}.Release|x64.Build.0 = Release|iPhone
		{07173589-8CDB-4056-95CA-E3F0655694AF}.Release|x64.Deploy.0 = Release|iPhone
		{07173589-8CDB-4056-95CA-E3F0655694AF}.Release|x86.ActiveCfg = Release|iPhone
		{07173589-8CDB-4056-95CA-E3F0655694AF}.Release|x86.Build.0 = Release|iPhone
		{07173589-8CDB-4056-95CA-E3F0655694AF}.Release|x86.Deploy.0 = Release|iPhone
		{EED48A01-6D9E-44CC-BAB4-BE5DDD8CF233}.Debug|Any CPU.ActiveCfg = Debug|Any CPU
		{EED48A01-6D9E-44CC-BAB4-BE5DDD8CF233}.Debug|Any CPU.Build.0 = Debug|Any CPU
		{EED48A01-6D9E-44CC-BAB4-BE5DDD8CF233}.Debug|Any CPU.Deploy.0 = Debug|Any CPU
		{EED48A01-6D9E-44CC-BAB4-BE5DDD8CF233}.Debug|ARM.ActiveCfg = Debug|Any CPU
		{EED48A01-6D9E-44CC-BAB4-BE5DDD8CF233}.Debug|ARM.Build.0 = Debug|Any CPU
		{EED48A01-6D9E-44CC-BAB4-BE5DDD8CF233}.Debug|ARM.Deploy.0 = Debug|Any CPU
		{EED48A01-6D9E-44CC-BAB4-BE5DDD8CF233}.Debug|iPhone.ActiveCfg = Debug|Any CPU
		{EED48A01-6D9E-44CC-BAB4-BE5DDD8CF233}.Debug|iPhone.Build.0 = Debug|Any CPU
		{EED48A01-6D9E-44CC-BAB4-BE5DDD8CF233}.Debug|iPhone.Deploy.0 = Debug|Any CPU
		{EED48A01-6D9E-44CC-BAB4-BE5DDD8CF233}.Debug|iPhoneSimulator.ActiveCfg = Debug|Any CPU
		{EED48A01-6D9E-44CC-BAB4-BE5DDD8CF233}.Debug|iPhoneSimulator.Build.0 = Debug|Any CPU
		{EED48A01-6D9E-44CC-BAB4-BE5DDD8CF233}.Debug|iPhoneSimulator.Deploy.0 = Debug|Any CPU
		{EED48A01-6D9E-44CC-BAB4-BE5DDD8CF233}.Debug|x64.ActiveCfg = Debug|Any CPU
		{EED48A01-6D9E-44CC-BAB4-BE5DDD8CF233}.Debug|x64.Build.0 = Debug|Any CPU
		{EED48A01-6D9E-44CC-BAB4-BE5DDD8CF233}.Debug|x64.Deploy.0 = Debug|Any CPU
		{EED48A01-6D9E-44CC-BAB4-BE5DDD8CF233}.Debug|x86.ActiveCfg = Debug|Any CPU
		{EED48A01-6D9E-44CC-BAB4-BE5DDD8CF233}.Debug|x86.Build.0 = Debug|Any CPU
		{EED48A01-6D9E-44CC-BAB4-BE5DDD8CF233}.Debug|x86.Deploy.0 = Debug|Any CPU
		{EED48A01-6D9E-44CC-BAB4-BE5DDD8CF233}.Release|Any CPU.ActiveCfg = Release|Any CPU
		{EED48A01-6D9E-44CC-BAB4-BE5DDD8CF233}.Release|Any CPU.Build.0 = Release|Any CPU
		{EED48A01-6D9E-44CC-BAB4-BE5DDD8CF233}.Release|Any CPU.Deploy.0 = Release|Any CPU
		{EED48A01-6D9E-44CC-BAB4-BE5DDD8CF233}.Release|ARM.ActiveCfg = Release|Any CPU
		{EED48A01-6D9E-44CC-BAB4-BE5DDD8CF233}.Release|ARM.Build.0 = Release|Any CPU
		{EED48A01-6D9E-44CC-BAB4-BE5DDD8CF233}.Release|ARM.Deploy.0 = Release|Any CPU
		{EED48A01-6D9E-44CC-BAB4-BE5DDD8CF233}.Release|iPhone.ActiveCfg = Release|Any CPU
		{EED48A01-6D9E-44CC-BAB4-BE5DDD8CF233}.Release|iPhone.Build.0 = Release|Any CPU
		{EED48A01-6D9E-44CC-BAB4-BE5DDD8CF233}.Release|iPhone.Deploy.0 = Release|Any CPU
		{EED48A01-6D9E-44CC-BAB4-BE5DDD8CF233}.Release|iPhoneSimulator.ActiveCfg = Release|Any CPU
		{EED48A01-6D9E-44CC-BAB4-BE5DDD8CF233}.Release|iPhoneSimulator.Build.0 = Release|Any CPU
		{EED48A01-6D9E-44CC-BAB4-BE5DDD8CF233}.Release|iPhoneSimulator.Deploy.0 = Release|Any CPU
		{EED48A01-6D9E-44CC-BAB4-BE5DDD8CF233}.Release|x64.ActiveCfg = Release|Any CPU
		{EED48A01-6D9E-44CC-BAB4-BE5DDD8CF233}.Release|x64.Build.0 = Release|Any CPU
		{EED48A01-6D9E-44CC-BAB4-BE5DDD8CF233}.Release|x64.Deploy.0 = Release|Any CPU
		{EED48A01-6D9E-44CC-BAB4-BE5DDD8CF233}.Release|x86.ActiveCfg = Release|Any CPU
		{EED48A01-6D9E-44CC-BAB4-BE5DDD8CF233}.Release|x86.Build.0 = Release|Any CPU
		{EED48A01-6D9E-44CC-BAB4-BE5DDD8CF233}.Release|x86.Deploy.0 = Release|Any CPU
	EndGlobalSection
	GlobalSection(SolutionProperties) = preSolution
		HideSolutionNode = FALSE
	EndGlobalSection
	GlobalSection(ExtensibilityGlobals) = postSolution
		SolutionGuid = {04477BBA-31F3-485F-A1EC-F9C75190651C}
	EndGlobalSection
EndGlobal
